
Microsoft Visual Studio Solution File, Format Version 12.00
# Visual Studio Version 17
VisualStudioVersion = 17.11.35312.102
MinimumVisualStudioVersion = 10.0.40219.1
Project("{9A19103F-16F7-4668-BE54-9A1E7A4F7556}") = "Echallene 2024", "Echallene 2024\Echallene 2024.csproj", "{D73E344B-7483-4667-8D5C-B8C2693CA089}"
EndProject
Project("{FAE04EC0-301F-11D3-BF4B-00C04F79EFBC}") = "ProjetAtelier_test", "ProjetAtelier_test\ProjetAtelier_test.csproj", "{599DDFE5-8F10-45D9-9EC0-39AFA3A0E69C}"
EndProject
Project("{2150E333-8FDC-42A3-9474-1A3956D46DE8}") = "Éléments de solution", "Éléments de solution", "{745CDCA3-5E65-4AE6-87E2-B4C01EEB74D1}"
	ProjectSection(SolutionItems) = preProject
		Jenkinsfile = Jenkinsfile
	EndProjectSection
EndProject
Global
	GlobalSection(SolutionConfigurationPlatforms) = preSolution
		Debug|Any CPU = Debug|Any CPU
		Release|Any CPU = Release|Any CPU
	EndGlobalSection
	GlobalSection(ProjectConfigurationPlatforms) = postSolution
		{D73E344B-7483-4667-8D5C-B8C2693CA089}.Debug|Any CPU.ActiveCfg = Debug|Any CPU
		{D73E344B-7483-4667-8D5C-B8C2693CA089}.Debug|Any CPU.Build.0 = Debug|Any CPU
		{D73E344B-7483-4667-8D5C-B8C2693CA089}.Release|Any CPU.ActiveCfg = Release|Any CPU
		{D73E344B-7483-4667-8D5C-B8C2693CA089}.Release|Any CPU.Build.0 = Release|Any CPU
		{599DDFE5-8F10-45D9-9EC0-39AFA3A0E69C}.Debug|Any CPU.ActiveCfg = Debug|Any CPU
		{599DDFE5-8F10-45D9-9EC0-39AFA3A0E69C}.Debug|Any CPU.Build.0 = Debug|Any CPU
		{599DDFE5-8F10-45D9-9EC0-39AFA3A0E69C}.Release|Any CPU.ActiveCfg = Release|Any CPU
		{599DDFE5-8F10-45D9-9EC0-39AFA3A0E69C}.Release|Any CPU.Build.0 = Release|Any CPU
	EndGlobalSection
	GlobalSection(SolutionProperties) = preSolution
		HideSolutionNode = FALSE
	EndGlobalSection
	GlobalSection(ExtensibilityGlobals) = postSolution
		SolutionGuid = {1D652A8D-AC08-4CE5-B1AC-4CFAD72EAD5C}
	EndGlobalSection
EndGlobal
